{
  "name": "get-pkg-repo",
  "version": "4.1.1",
  "lockfileVersion": 1,
  "requires": true,
  "dependencies": {
    "@latiwesh/parse-github-repo-url": {
      "version": "1.4.2",
      "resolved": "https://registry.npmjs.org/@latiwesh/parse-github-repo-url/-/parse-github-repo-url-1.4.2.tgz",
      "integrity": "sha512-oN1Fu1QggXOrJGSBmALQfjAZvLB20j17eBOwWrXketlXRVVufH/2hi9ilCyAbIT3ADwqj8A1rvPQMqr2ed9Gxw=="
    }
  }
}
